// !$*UTF8*$!
{
	archiveVersion = 1;
	classes = {
	};
	objectVersion = 56;
	objects = {

/* Begin PBXBuildFile section */
		B62B16142CB07E5D005E0BF8 /* AppDelegate.swift in Sources */ = {isa = PBXBuildFile; fileRef = B62B16132CB07E5D005E0BF8 /* AppDelegate.swift */; };
		B62B16162CB07E5D005E0BF8 /* SceneDelegate.swift in Sources */ = {isa = PBXBuildFile; fileRef = B62B16152CB07E5D005E0BF8 /* SceneDelegate.swift */; };
		B62B16182CB07E5D005E0BF8 /* ViewController.swift in Sources */ = {isa = PBXBuildFile; fileRef = B62B16172CB07E5D005E0BF8 /* ViewController.swift */; };
		B62B161D2CB07E5F005E0BF8 /* Assets.xcassets in Resources */ = {isa = PBXBuildFile; fileRef = B62B161C2CB07E5F005E0BF8 /* Assets.xcassets */; };
		B62B16202CB07E5F005E0BF8 /* LaunchScreen.storyboard in Resources */ = {isa = PBXBuildFile; fileRef = B62B161E2CB07E5F005E0BF8 /* LaunchScreen.storyboard */; };
		B62B162B2CB07E60005E0BF8 /* iOSCaseStudyAPITests.swift in Sources */ = {isa = PBXBuildFile; fileRef = B62B162A2CB07E60005E0BF8 /* iOSCaseStudyAPITests.swift */; };
		B62B16352CB07E60005E0BF8 /* iOSCaseStudyAPIUITests.swift in Sources */ = {isa = PBXBuildFile; fileRef = B62B16342CB07E60005E0BF8 /* iOSCaseStudyAPIUITests.swift */; };
		B62B16372CB07E60005E0BF8 /* iOSCaseStudyAPIUITestsLaunchTests.swift in Sources */ = {isa = PBXBuildFile; fileRef = B62B16362CB07E60005E0BF8 /* iOSCaseStudyAPIUITestsLaunchTests.swift */; };
		B62B169C2CB31EEB005E0BF8 /* View.swift in Sources */ = {isa = PBXBuildFile; fileRef = B62B169B2CB31EEB005E0BF8 /* View.swift */; };
		B62B169E2CB31EF4005E0BF8 /* Presenter.swift in Sources */ = {isa = PBXBuildFile; fileRef = B62B169D2CB31EF4005E0BF8 /* Presenter.swift */; };
		B62B16A02CB31EFE005E0BF8 /* Interactor.swift in Sources */ = {isa = PBXBuildFile; fileRef = B62B169F2CB31EFE005E0BF8 /* Interactor.swift */; };
		B62B16A22CB31F08005E0BF8 /* Router.swift in Sources */ = {isa = PBXBuildFile; fileRef = B62B16A12CB31F08005E0BF8 /* Router.swift */; };
		B62B16A42CB31F1B005E0BF8 /* Entities.swift in Sources */ = {isa = PBXBuildFile; fileRef = B62B16A32CB31F1B005E0BF8 /* Entities.swift */; };
		B62B16A82CB48404005E0BF8 /* CollectionViewCell.swift in Sources */ = {isa = PBXBuildFile; fileRef = B62B16A72CB48404005E0BF8 /* CollectionViewCell.swift */; };
		B62B17682CB99C4B005E0BF8 /* SectionHeader.swift in Sources */ = {isa = PBXBuildFile; fileRef = B62B17672CB99C4B005E0BF8 /* SectionHeader.swift */; };
		B62B176A2CBB9CCA005E0BF8 /* PreviewController.swift in Sources */ = {isa = PBXBuildFile; fileRef = B62B17692CBB9CCA005E0BF8 /* PreviewController.swift */; };
/* End PBXBuildFile section */

/* Begin PBXContainerItemProxy section */
		B62B16272CB07E60005E0BF8 /* PBXContainerItemProxy */ = {
			isa = PBXContainerItemProxy;
			containerPortal = B62B16082CB07E5D005E0BF8 /* Project object */;
			proxyType = 1;
			remoteGlobalIDString = B62B160F2CB07E5D005E0BF8;
			remoteInfo = iOSCaseStudyAPI;
		};
		B62B16312CB07E60005E0BF8 /* PBXContainerItemProxy */ = {
			isa = PBXContainerItemProxy;
			containerPortal = B62B16082CB07E5D005E0BF8 /* Project object */;
			proxyType = 1;
			remoteGlobalIDString = B62B160F2CB07E5D005E0BF8;
			remoteInfo = iOSCaseStudyAPI;
		};
/* End PBXContainerItemProxy section */

/* Begin PBXFileReference section */
		B62B16102CB07E5D005E0BF8 /* iOSCaseStudyAPI.app */ = {isa = PBXFileReference; explicitFileType = wrapper.application; includeInIndex = 0; path = iOSCaseStudyAPI.app; sourceTree = BUILT_PRODUCTS_DIR; };
		B62B16132CB07E5D005E0BF8 /* AppDelegate.swift */ = {isa = PBXFileReference; lastKnownFileType = sourcecode.swift; path = AppDelegate.swift; sourceTree = "<group>"; };
		B62B16152CB07E5D005E0BF8 /* SceneDelegate.swift */ = {isa = PBXFileReference; lastKnownFileType = sourcecode.swift; path = SceneDelegate.swift; sourceTree = "<group>"; };
		B62B16172CB07E5D005E0BF8 /* ViewController.swift */ = {isa = PBXFileReference; lastKnownFileType = sourcecode.swift; path = ViewController.swift; sourceTree = "<group>"; };
		B62B161C2CB07E5F005E0BF8 /* Assets.xcassets */ = {isa = PBXFileReference; lastKnownFileType = folder.assetcatalog; path = Assets.xcassets; sourceTree = "<group>"; };
		B62B161F2CB07E5F005E0BF8 /* Base */ = {isa = PBXFileReference; lastKnownFileType = file.storyboard; name = Base; path = Base.lproj/LaunchScreen.storyboard; sourceTree = "<group>"; };
		B62B16212CB07E5F005E0BF8 /* Info.plist */ = {isa = PBXFileReference; lastKnownFileType = text.plist.xml; path = Info.plist; sourceTree = "<group>"; };
		B62B16262CB07E60005E0BF8 /* iOSCaseStudyAPITests.xctest */ = {isa = PBXFileReference; explicitFileType = wrapper.cfbundle; includeInIndex = 0; path = iOSCaseStudyAPITests.xctest; sourceTree = BUILT_PRODUCTS_DIR; };
		B62B162A2CB07E60005E0BF8 /* iOSCaseStudyAPITests.swift */ = {isa = PBXFileReference; lastKnownFileType = sourcecode.swift; path = iOSCaseStudyAPITests.swift; sourceTree = "<group>"; };
		B62B16302CB07E60005E0BF8 /* iOSCaseStudyAPIUITests.xctest */ = {isa = PBXFileReference; explicitFileType = wrapper.cfbundle; includeInIndex = 0; path = iOSCaseStudyAPIUITests.xctest; sourceTree = BUILT_PRODUCTS_DIR; };
		B62B16342CB07E60005E0BF8 /* iOSCaseStudyAPIUITests.swift */ = {isa = PBXFileReference; lastKnownFileType = sourcecode.swift; path = iOSCaseStudyAPIUITests.swift; sourceTree = "<group>"; };
		B62B16362CB07E60005E0BF8 /* iOSCaseStudyAPIUITestsLaunchTests.swift */ = {isa = PBXFileReference; lastKnownFileType = sourcecode.swift; path = iOSCaseStudyAPIUITestsLaunchTests.swift; sourceTree = "<group>"; };
		B62B169B2CB31EEB005E0BF8 /* View.swift */ = {isa = PBXFileReference; lastKnownFileType = sourcecode.swift; path = View.swift; sourceTree = "<group>"; };
		B62B169D2CB31EF4005E0BF8 /* Presenter.swift */ = {isa = PBXFileReference; lastKnownFileType = sourcecode.swift; path = Presenter.swift; sourceTree = "<group>"; };
		B62B169F2CB31EFE005E0BF8 /* Interactor.swift */ = {isa = PBXFileReference; lastKnownFileType = sourcecode.swift; path = Interactor.swift; sourceTree = "<group>"; };
		B62B16A12CB31F08005E0BF8 /* Router.swift */ = {isa = PBXFileReference; lastKnownFileType = sourcecode.swift; path = Router.swift; sourceTree = "<group>"; };
		B62B16A32CB31F1B005E0BF8 /* Entities.swift */ = {isa = PBXFileReference; lastKnownFileType = sourcecode.swift; path = Entities.swift; sourceTree = "<group>"; };
		B62B16A72CB48404005E0BF8 /* CollectionViewCell.swift */ = {isa = PBXFileReference; lastKnownFileType = sourcecode.swift; path = CollectionViewCell.swift; sourceTree = "<group>"; };
		B62B17672CB99C4B005E0BF8 /* SectionHeader.swift */ = {isa = PBXFileReference; lastKnownFileType = sourcecode.swift; path = SectionHeader.swift; sourceTree = "<group>"; };
		B62B17692CBB9CCA005E0BF8 /* PreviewController.swift */ = {isa = PBXFileReference; lastKnownFileType = sourcecode.swift; path = PreviewController.swift; sourceTree = "<group>"; };
/* End PBXFileReference section */

/* Begin PBXFrameworksBuildPhase section */
		B62B160D2CB07E5D005E0BF8 /* Frameworks */ = {
			isa = PBXFrameworksBuildPhase;
			buildActionMask = 2147483647;
			files = (
			);
			runOnlyForDeploymentPostprocessing = 0;
		};
		B62B16232CB07E60005E0BF8 /* Frameworks */ = {
			isa = PBXFrameworksBuildPhase;
			buildActionMask = 2147483647;
			files = (
			);
			runOnlyForDeploymentPostprocessing = 0;
		};
		B62B162D2CB07E60005E0BF8 /* Frameworks */ = {
			isa = PBXFrameworksBuildPhase;
			buildActionMask = 2147483647;
			files = (
			);
			runOnlyForDeploymentPostprocessing = 0;
		};
/* End PBXFrameworksBuildPhase section */

/* Begin PBXGroup section */
		B62B16072CB07E5D005E0BF8 = {
			isa = PBXGroup;
			children = (
				B62B16122CB07E5D005E0BF8 /* iOSCaseStudyAPI */,
				B62B16292CB07E60005E0BF8 /* iOSCaseStudyAPITests */,
				B62B16332CB07E60005E0BF8 /* iOSCaseStudyAPIUITests */,
				B62B16112CB07E5D005E0BF8 /* Products */,
			);
			sourceTree = "<group>";
		};
		B62B16112CB07E5D005E0BF8 /* Products */ = {
			isa = PBXGroup;
			children = (
				B62B16102CB07E5D005E0BF8 /* iOSCaseStudyAPI.app */,
				B62B16262CB07E60005E0BF8 /* iOSCaseStudyAPITests.xctest */,
				B62B16302CB07E60005E0BF8 /* iOSCaseStudyAPIUITests.xctest */,
			);
			name = Products;
			sourceTree = "<group>";
		};
		B62B16122CB07E5D005E0BF8 /* iOSCaseStudyAPI */ = {
			isa = PBXGroup;
			children = (
				B62B169A2CB31EC9005E0BF8 /* HomeViewController */,
				B62B16A52CB31F82005E0BF8 /* Delegates */,
				B62B16212CB07E5F005E0BF8 /* Info.plist */,
			);
			path = iOSCaseStudyAPI;
			sourceTree = "<group>";
		};
		B62B16292CB07E60005E0BF8 /* iOSCaseStudyAPITests */ = {
			isa = PBXGroup;
			children = (
				B62B162A2CB07E60005E0BF8 /* iOSCaseStudyAPITests.swift */,
			);
			path = iOSCaseStudyAPITests;
			sourceTree = "<group>";
		};
		B62B16332CB07E60005E0BF8 /* iOSCaseStudyAPIUITests */ = {
			isa = PBXGroup;
			children = (
				B62B16342CB07E60005E0BF8 /* iOSCaseStudyAPIUITests.swift */,
				B62B16362CB07E60005E0BF8 /* iOSCaseStudyAPIUITestsLaunchTests.swift */,
			);
			path = iOSCaseStudyAPIUITests;
			sourceTree = "<group>";
		};
		B62B169A2CB31EC9005E0BF8 /* HomeViewController */ = {
			isa = PBXGroup;
			children = (
				B62B16A62CB483ED005E0BF8 /* Cell */,
				B62B169B2CB31EEB005E0BF8 /* View.swift */,
				B62B169D2CB31EF4005E0BF8 /* Presenter.swift */,
				B62B169F2CB31EFE005E0BF8 /* Interactor.swift */,
				B62B16A32CB31F1B005E0BF8 /* Entities.swift */,
				B62B16A12CB31F08005E0BF8 /* Router.swift */,
				B62B17692CBB9CCA005E0BF8 /* PreviewController.swift */,
			);
			path = HomeViewController;
			sourceTree = "<group>";
		};
		B62B16A52CB31F82005E0BF8 /* Delegates */ = {
			isa = PBXGroup;
			children = (
				B62B161C2CB07E5F005E0BF8 /* Assets.xcassets */,
				B62B161E2CB07E5F005E0BF8 /* LaunchScreen.storyboard */,
				B62B16172CB07E5D005E0BF8 /* ViewController.swift */,
				B62B16152CB07E5D005E0BF8 /* SceneDelegate.swift */,
				B62B16132CB07E5D005E0BF8 /* AppDelegate.swift */,
			);
			path = Delegates;
			sourceTree = "<group>";
		};
		B62B16A62CB483ED005E0BF8 /* Cell */ = {
			isa = PBXGroup;
			children = (
				B62B16A72CB48404005E0BF8 /* CollectionViewCell.swift */,
				B62B17672CB99C4B005E0BF8 /* SectionHeader.swift */,
			);
			path = Cell;
			sourceTree = "<group>";
		};
/* End PBXGroup section */

/* Begin PBXNativeTarget section */
		B62B160F2CB07E5D005E0BF8 /* iOSCaseStudyAPI */ = {
			isa = PBXNativeTarget;
			buildConfigurationList = B62B163A2CB07E60005E0BF8 /* Build configuration list for PBXNativeTarget "iOSCaseStudyAPI" */;
			buildPhases = (
				B62B160C2CB07E5D005E0BF8 /* Sources */,
				B62B160D2CB07E5D005E0BF8 /* Frameworks */,
				B62B160E2CB07E5D005E0BF8 /* Resources */,
			);
			buildRules = (
			);
			dependencies = (
			);
			name = iOSCaseStudyAPI;
			productName = iOSCaseStudyAPI;
			productReference = B62B16102CB07E5D005E0BF8 /* iOSCaseStudyAPI.app */;
			productType = "com.apple.product-type.application";
		};
		B62B16252CB07E60005E0BF8 /* iOSCaseStudyAPITests */ = {
			isa = PBXNativeTarget;
			buildConfigurationList = B62B163D2CB07E60005E0BF8 /* Build configuration list for PBXNativeTarget "iOSCaseStudyAPITests" */;
			buildPhases = (
				B62B16222CB07E60005E0BF8 /* Sources */,
				B62B16232CB07E60005E0BF8 /* Frameworks */,
				B62B16242CB07E60005E0BF8 /* Resources */,
			);
			buildRules = (
			);
			dependencies = (
				B62B16282CB07E60005E0BF8 /* PBXTargetDependency */,
			);
			name = iOSCaseStudyAPITests;
			productName = iOSCaseStudyAPITests;
			productReference = B62B16262CB07E60005E0BF8 /* iOSCaseStudyAPITests.xctest */;
			productType = "com.apple.product-type.bundle.unit-test";
		};
		B62B162F2CB07E60005E0BF8 /* iOSCaseStudyAPIUITests */ = {
			isa = PBXNativeTarget;
			buildConfigurationList = B62B16402CB07E60005E0BF8 /* Build configuration list for PBXNativeTarget "iOSCaseStudyAPIUITests" */;
			buildPhases = (
				B62B162C2CB07E60005E0BF8 /* Sources */,
				B62B162D2CB07E60005E0BF8 /* Frameworks */,
				B62B162E2CB07E60005E0BF8 /* Resources */,
			);
			buildRules = (
			);
			dependencies = (
				B62B16322CB07E60005E0BF8 /* PBXTargetDependency */,
			);
			name = iOSCaseStudyAPIUITests;
			productName = iOSCaseStudyAPIUITests;
			productReference = B62B16302CB07E60005E0BF8 /* iOSCaseStudyAPIUITests.xctest */;
			productType = "com.apple.product-type.bundle.ui-testing";
		};
/* End PBXNativeTarget section */

/* Begin PBXProject section */
		B62B16082CB07E5D005E0BF8 /* Project object */ = {
			isa = PBXProject;
			attributes = {
				BuildIndependentTargetsInParallel = 1;
				LastSwiftUpdateCheck = 1520;
				LastUpgradeCheck = 1520;
				TargetAttributes = {
					B62B160F2CB07E5D005E0BF8 = {
						CreatedOnToolsVersion = 15.2;
					};
					B62B16252CB07E60005E0BF8 = {
						CreatedOnToolsVersion = 15.2;
						TestTargetID = B62B160F2CB07E5D005E0BF8;
					};
					B62B162F2CB07E60005E0BF8 = {
						CreatedOnToolsVersion = 15.2;
						TestTargetID = B62B160F2CB07E5D005E0BF8;
					};
				};
			};
			buildConfigurationList = B62B160B2CB07E5D005E0BF8 /* Build configuration list for PBXProject "iOSCaseStudyAPI" */;
			compatibilityVersion = "Xcode 14.0";
			developmentRegion = en;
			hasScannedForEncodings = 0;
			knownRegions = (
				en,
				Base,
			);
			mainGroup = B62B16072CB07E5D005E0BF8;
			productRefGroup = B62B16112CB07E5D005E0BF8 /* Products */;
			projectDirPath = "";
			projectRoot = "";
			targets = (
				B62B160F2CB07E5D005E0BF8 /* iOSCaseStudyAPI */,
				B62B16252CB07E60005E0BF8 /* iOSCaseStudyAPITests */,
				B62B162F2CB07E60005E0BF8 /* iOSCaseStudyAPIUITests */,
			);
		};
/* End PBXProject section */

/* Begin PBXResourcesBuildPhase section */
		B62B160E2CB07E5D005E0BF8 /* Resources */ = {
			isa = PBXResourcesBuildPhase;
			buildActionMask = 2147483647;
			files = (
				B62B16202CB07E5F005E0BF8 /* LaunchScreen.storyboard in Resources */,
				B62B161D2CB07E5F005E0BF8 /* Assets.xcassets in Resources */,
			);
			runOnlyForDeploymentPostprocessing = 0;
		};
		B62B16242CB07E60005E0BF8 /* Resources */ = {
			isa = PBXResourcesBuildPhase;
			buildActionMask = 2147483647;
			files = (
			);
			runOnlyForDeploymentPostprocessing = 0;
		};
		B62B162E2CB07E60005E0BF8 /* Resources */ = {
			isa = PBXResourcesBuildPhase;
			buildActionMask = 2147483647;
			files = (
			);
			runOnlyForDeploymentPostprocessing = 0;
		};
/* End PBXResourcesBuildPhase section */

/* Begin PBXSourcesBuildPhase section */
		B62B160C2CB07E5D005E0BF8 /* Sources */ = {
			isa = PBXSourcesBuildPhase;
			buildActionMask = 2147483647;
			files = (
				B62B16A02CB31EFE005E0BF8 /* Interactor.swift in Sources */,
				B62B169C2CB31EEB005E0BF8 /* View.swift in Sources */,
				B62B16A82CB48404005E0BF8 /* CollectionViewCell.swift in Sources */,
				B62B176A2CBB9CCA005E0BF8 /* PreviewController.swift in Sources */,
				B62B16182CB07E5D005E0BF8 /* ViewController.swift in Sources */,
				B62B16A22CB31F08005E0BF8 /* Router.swift in Sources */,
				B62B16142CB07E5D005E0BF8 /* AppDelegate.swift in Sources */,
				B62B16162CB07E5D005E0BF8 /* SceneDelegate.swift in Sources */,
				B62B16A42CB31F1B005E0BF8 /* Entities.swift in Sources */,
				B62B169E2CB31EF4005E0BF8 /* Presenter.swift in Sources */,
				B62B17682CB99C4B005E0BF8 /* SectionHeader.swift in Sources */,
			);
			runOnlyForDeploymentPostprocessing = 0;
		};
		B62B16222CB07E60005E0BF8 /* Sources */ = {
			isa = PBXSourcesBuildPhase;
			buildActionMask = 2147483647;
			files = (
				B62B162B2CB07E60005E0BF8 /* iOSCaseStudyAPITests.swift in Sources */,
			);
			runOnlyForDeploymentPostprocessing = 0;
		};
		B62B162C2CB07E60005E0BF8 /* Sources */ = {
			isa = PBXSourcesBuildPhase;
			buildActionMask = 2147483647;
			files = (
				B62B16352CB07E60005E0BF8 /* iOSCaseStudyAPIUITests.swift in Sources */,
				B62B16372CB07E60005E0BF8 /* iOSCaseStudyAPIUITestsLaunchTests.swift in Sources */,
			);
			runOnlyForDeploymentPostprocessing = 0;
		};
/* End PBXSourcesBuildPhase section */

/* Begin PBXTargetDependency section */
		B62B16282CB07E60005E0BF8 /* PBXTargetDependency */ = {
			isa = PBXTargetDependency;
			target = B62B160F2CB07E5D005E0BF8 /* iOSCaseStudyAPI */;
			targetProxy = B62B16272CB07E60005E0BF8 /* PBXContainerItemProxy */;
		};
		B62B16322CB07E60005E0BF8 /* PBXTargetDependency */ = {
			isa = PBXTargetDependency;
			target = B62B160F2CB07E5D005E0BF8 /* iOSCaseStudyAPI */;
			targetProxy = B62B16312CB07E60005E0BF8 /* PBXContainerItemProxy */;
		};
/* End PBXTargetDependency section */

/* Begin PBXVariantGroup section */
		B62B161E2CB07E5F005E0BF8 /* LaunchScreen.storyboard */ = {
			isa = PBXVariantGroup;
			children = (
				B62B161F2CB07E5F005E0BF8 /* Base */,
			);
			name = LaunchScreen.storyboard;
			sourceTree = "<group>";
		};
/* End PBXVariantGroup section */

/* Begin XCBuildConfiguration section */
		B62B16382CB07E60005E0BF8 /* Debug */ = {
			isa = XCBuildConfiguration;
			buildSettings = {
				ALWAYS_SEARCH_USER_PATHS = NO;
				ASSETCATALOG_COMPILER_GENERATE_SWIFT_ASSET_SYMBOL_EXTENSIONS = YES;
				CLANG_ANALYZER_NONNULL = YES;
				CLANG_ANALYZER_NUMBER_OBJECT_CONVERSION = YES_AGGRESSIVE;
				CLANG_CXX_LANGUAGE_STANDARD = "gnu++20";
				CLANG_ENABLE_MODULES = YES;
				CLANG_ENABLE_OBJC_ARC = YES;
				CLANG_ENABLE_OBJC_WEAK = YES;
				CLANG_WARN_BLOCK_CAPTURE_AUTORELEASING = YES;
				CLANG_WARN_BOOL_CONVERSION = YES;
				CLANG_WARN_COMMA = YES;
				CLANG_WARN_CONSTANT_CONVERSION = YES;
				CLANG_WARN_DEPRECATED_OBJC_IMPLEMENTATIONS = YES;
				CLANG_WARN_DIRECT_OBJC_ISA_USAGE = YES_ERROR;
				CLANG_WARN_DOCUMENTATION_COMMENTS = YES;
				CLANG_WARN_EMPTY_BODY = YES;
				CLANG_WARN_ENUM_CONVERSION = YES;
				CLANG_WARN_INFINITE_RECURSION = YES;
				CLANG_WARN_INT_CONVERSION = YES;
				CLANG_WARN_NON_LITERAL_NULL_CONVERSION = YES;
				CLANG_WARN_OBJC_IMPLICIT_RETAIN_SELF = YES;
				CLANG_WARN_OBJC_LITERAL_CONVERSION = YES;
				CLANG_WARN_OBJC_ROOT_CLASS = YES_ERROR;
				CLANG_WARN_QUOTED_INCLUDE_IN_FRAMEWORK_HEADER = YES;
				CLANG_WARN_RANGE_LOOP_ANALYSIS = YES;
				CLANG_WARN_STRICT_PROTOTYPES = YES;
				CLANG_WARN_SUSPICIOUS_MOVE = YES;
				CLANG_WARN_UNGUARDED_AVAILABILITY = YES_AGGRESSIVE;
				CLANG_WARN_UNREACHABLE_CODE = YES;
				CLANG_WARN__DUPLICATE_METHOD_MATCH = YES;
				COPY_PHASE_STRIP = NO;
				DEBUG_INFORMATION_FORMAT = dwarf;
				ENABLE_STRICT_OBJC_MSGSEND = YES;
				ENABLE_TESTABILITY = YES;
				ENABLE_USER_SCRIPT_SANDBOXING = YES;
				GCC_C_LANGUAGE_STANDARD = gnu17;
				GCC_DYNAMIC_NO_PIC = NO;
				GCC_NO_COMMON_BLOCKS = YES;
				GCC_OPTIMIZATION_LEVEL = 0;
				GCC_PREPROCESSOR_DEFINITIONS = (
					"DEBUG=1",
					"$(inherited)",
				);
				GCC_WARN_64_TO_32_BIT_CONVERSION = YES;
				GCC_WARN_ABOUT_RETURN_TYPE = YES_ERROR;
				GCC_WARN_UNDECLARED_SELECTOR = YES;
				GCC_WARN_UNINITIALIZED_AUTOS = YES_AGGRESSIVE;
				GCC_WARN_UNUSED_FUNCTION = YES;
				GCC_WARN_UNUSED_VARIABLE = YES;
				IPHONEOS_DEPLOYMENT_TARGET = 17.2;
				LOCALIZATION_PREFERS_STRING_CATALOGS = YES;
				MTL_ENABLE_DEBUG_INFO = INCLUDE_SOURCE;
				MTL_FAST_MATH = YES;
				ONLY_ACTIVE_ARCH = YES;
				SDKROOT = iphoneos;
				SWIFT_ACTIVE_COMPILATION_CONDITIONS = "DEBUG $(inherited)";
				SWIFT_OPTIMIZATION_LEVEL = "-Onone";
			};
			name = Debug;
		};
		B62B16392CB07E60005E0BF8 /* Release */ = {
			isa = XCBuildConfiguration;
			buildSettings = {
				ALWAYS_SEARCH_USER_PATHS = NO;
				ASSETCATALOG_COMPILER_GENERATE_SWIFT_ASSET_SYMBOL_EXTENSIONS = YES;
				CLANG_ANALYZER_NONNULL = YES;
				CLANG_ANALYZER_NUMBER_OBJECT_CONVERSION = YES_AGGRESSIVE;
				CLANG_CXX_LANGUAGE_STANDARD = "gnu++20";
				CLANG_ENABLE_MODULES = YES;
				CLANG_ENABLE_OBJC_ARC = YES;
				CLANG_ENABLE_OBJC_WEAK = YES;
				CLANG_WARN_BLOCK_CAPTURE_AUTORELEASING = YES;
				CLANG_WARN_BOOL_CONVERSION = YES;
				CLANG_WARN_COMMA = YES;
				CLANG_WARN_CONSTANT_CONVERSION = YES;
				CLANG_WARN_DEPRECATED_OBJC_IMPLEMENTATIONS = YES;
				CLANG_WARN_DIRECT_OBJC_ISA_USAGE = YES_ERROR;
				CLANG_WARN_DOCUMENTATION_COMMENTS = YES;
				CLANG_WARN_EMPTY_BODY = YES;
				CLANG_WARN_ENUM_CONVERSION = YES;
				CLANG_WARN_INFINITE_RECURSION = YES;
				CLANG_WARN_INT_CONVERSION = YES;
				CLANG_WARN_NON_LITERAL_NULL_CONVERSION = YES;
				CLANG_WARN_OBJC_IMPLICIT_RETAIN_SELF = YES;
				CLANG_WARN_OBJC_LITERAL_CONVERSION = YES;
				CLANG_WARN_OBJC_ROOT_CLASS = YES_ERROR;
				CLANG_WARN_QUOTED_INCLUDE_IN_FRAMEWORK_HEADER = YES;
				CLANG_WARN_RANGE_LOOP_ANALYSIS = YES;
				CLANG_WARN_STRICT_PROTOTYPES = YES;
				CLANG_WARN_SUSPICIOUS_MOVE = YES;
				CLANG_WARN_UNGUARDED_AVAILABILITY = YES_AGGRESSIVE;
				CLANG_WARN_UNREACHABLE_CODE = YES;
				CLANG_WARN__DUPLICATE_METHOD_MATCH = YES;
				COPY_PHASE_STRIP = NO;
				DEBUG_INFORMATION_FORMAT = "dwarf-with-dsym";
				ENABLE_NS_ASSERTIONS = NO;
				ENABLE_STRICT_OBJC_MSGSEND = YES;
				ENABLE_USER_SCRIPT_SANDBOXING = YES;
				GCC_C_LANGUAGE_STANDARD = gnu17;
				GCC_NO_COMMON_BLOCKS = YES;
				GCC_WARN_64_TO_32_BIT_CONVERSION = YES;
				GCC_WARN_ABOUT_RETURN_TYPE = YES_ERROR;
				GCC_WARN_UNDECLARED_SELECTOR = YES;
				GCC_WARN_UNINITIALIZED_AUTOS = YES_AGGRESSIVE;
				GCC_WARN_UNUSED_FUNCTION = YES;
				GCC_WARN_UNUSED_VARIABLE = YES;
				IPHONEOS_DEPLOYMENT_TARGET = 17.2;
				LOCALIZATION_PREFERS_STRING_CATALOGS = YES;
				MTL_ENABLE_DEBUG_INFO = NO;
				MTL_FAST_MATH = YES;
				SDKROOT = iphoneos;
				SWIFT_COMPILATION_MODE = wholemodule;
				VALIDATE_PRODUCT = YES;
			};
			name = Release;
		};
		B62B163B2CB07E60005E0BF8 /* Debug */ = {
			isa = XCBuildConfiguration;
			buildSettings = {
				ASSETCATALOG_COMPILER_APPICON_NAME = AppIcon;
				ASSETCATALOG_COMPILER_GLOBAL_ACCENT_COLOR_NAME = AccentColor;
				CODE_SIGN_STYLE = Automatic;
				CURRENT_PROJECT_VERSION = 1;
				GENERATE_INFOPLIST_FILE = YES;
				INFOPLIST_FILE = iOSCaseStudyAPI/Info.plist;
				INFOPLIST_KEY_UIApplicationSupportsIndirectInputEvents = YES;
				INFOPLIST_KEY_UILaunchStoryboardName = LaunchScreen;
				INFOPLIST_KEY_UIMainStoryboardFile = "";
				INFOPLIST_KEY_UISupportedInterfaceOrientations_iPad = "UIInterfaceOrientationPortrait UIInterfaceOrientationPortraitUpsideDown UIInterfaceOrientationLandscapeLeft UIInterfaceOrientationLandscapeRight";
				INFOPLIST_KEY_UISupportedInterfaceOrientations_iPhone = "UIInterfaceOrientationPortrait UIInterfaceOrientationLandscapeLeft UIInterfaceOrientationLandscapeRight";
				LD_RUNPATH_SEARCH_PATHS = (
					"$(inherited)",
					"@executable_path/Frameworks",
				);
				MARKETING_VERSION = 1.0;
				PRODUCT_BUNDLE_IDENTIFIER = com.denizotlu.iOSCaseStudyAPI;
				PRODUCT_NAME = "$(TARGET_NAME)";
				SWIFT_EMIT_LOC_STRINGS = YES;
				SWIFT_VERSION = 5.0;
				TARGETED_DEVICE_FAMILY = "1,2";
			};
			name = Debug;
		};
		B62B163C2CB07E60005E0BF8 /* Release */ = {
			isa = XCBuildConfiguration;
			buildSettings = {
				ASSETCATALOG_COMPILER_APPICON_NAME = AppIcon;
				ASSETCATALOG_COMPILER_GLOBAL_ACCENT_COLOR_NAME = AccentColor;
				CODE_SIGN_STYLE = Automatic;
				CURRENT_PROJECT_VERSION = 1;
				GENERATE_INFOPLIST_FILE = YES;
				INFOPLIST_FILE = iOSCaseStudyAPI/Info.plist;
				INFOPLIST_KEY_UIApplicationSupportsIndirectInputEvents = YES;
				INFOPLIST_KEY_UILaunchStoryboardName = LaunchScreen;
				INFOPLIST_KEY_UIMainStoryboardFile = "";
				INFOPLIST_KEY_UISupportedInterfaceOrientations_iPad = "UIInterfaceOrientationPortrait UIInterfaceOrientationPortraitUpsideDown UIInterfaceOrientationLandscapeLeft UIInterfaceOrientationLandscapeRight";
				INFOPLIST_KEY_UISupportedInterfaceOrientations_iPhone = "UIInterfaceOrientationPortrait UIInterfaceOrientationLandscapeLeft UIInterfaceOrientationLandscapeRight";
				LD_RUNPATH_SEARCH_PATHS = (
					"$(inherited)",
					"@executable_path/Frameworks",
				);
				MARKETING_VERSION = 1.0;
				PRODUCT_BUNDLE_IDENTIFIER = com.denizotlu.iOSCaseStudyAPI;
				PRODUCT_NAME = "$(TARGET_NAME)";
				SWIFT_EMIT_LOC_STRINGS = YES;
				SWIFT_VERSION = 5.0;
				TARGETED_DEVICE_FAMILY = "1,2";
			};
			name = Release;
		};
		B62B163E2CB07E60005E0BF8 /* Debug */ = {
			isa = XCBuildConfiguration;
			buildSettings = {
				ALWAYS_EMBED_SWIFT_STANDARD_LIBRARIES = YES;
				BUNDLE_LOADER = "$(TEST_HOST)";
				CODE_SIGN_STYLE = Automatic;
				CURRENT_PROJECT_VERSION = 1;
				GENERATE_INFOPLIST_FILE = YES;
				IPHONEOS_DEPLOYMENT_TARGET = 17.2;
				MARKETING_VERSION = 1.0;
				PRODUCT_BUNDLE_IDENTIFIER = com.denizotlu.iOSCaseStudyAPITests;
				PRODUCT_NAME = "$(TARGET_NAME)";
				SWIFT_EMIT_LOC_STRINGS = NO;
				SWIFT_VERSION = 5.0;
				TARGETED_DEVICE_FAMILY = "1,2";
				TEST_HOST = "$(BUILT_PRODUCTS_DIR)/iOSCaseStudyAPI.app/$(BUNDLE_EXECUTABLE_FOLDER_PATH)/iOSCaseStudyAPI";
			};
			name = Debug;
		};
		B62B163F2CB07E60005E0BF8 /* Release */ = {
			isa = XCBuildConfiguration;
			buildSettings = {
				ALWAYS_EMBED_SWIFT_STANDARD_LIBRARIES = YES;
				BUNDLE_LOADER = "$(TEST_HOST)";
				CODE_SIGN_STYLE = Automatic;
				CURRENT_PROJECT_VERSION = 1;
				GENERATE_INFOPLIST_FILE = YES;
				IPHONEOS_DEPLOYMENT_TARGET = 17.2;
				MARKETING_VERSION = 1.0;
				PRODUCT_BUNDLE_IDENTIFIER = com.denizotlu.iOSCaseStudyAPITests;
				PRODUCT_NAME = "$(TARGET_NAME)";
				SWIFT_EMIT_LOC_STRINGS = NO;
				SWIFT_VERSION = 5.0;
				TARGETED_DEVICE_FAMILY = "1,2";
				TEST_HOST = "$(BUILT_PRODUCTS_DIR)/iOSCaseStudyAPI.app/$(BUNDLE_EXECUTABLE_FOLDER_PATH)/iOSCaseStudyAPI";
			};
			name = Release;
		};
		B62B16412CB07E60005E0BF8 /* Debug */ = {
			isa = XCBuildConfiguration;
			buildSettings = {
				ALWAYS_EMBED_SWIFT_STANDARD_LIBRARIES = YES;
				CODE_SIGN_STYLE = Automatic;
				CURRENT_PROJECT_VERSION = 1;
				GENERATE_INFOPLIST_FILE = YES;
				MARKETING_VERSION = 1.0;
				PRODUCT_BUNDLE_IDENTIFIER = com.denizotlu.iOSCaseStudyAPIUITests;
				PRODUCT_NAME = "$(TARGET_NAME)";
				SWIFT_EMIT_LOC_STRINGS = NO;
				SWIFT_VERSION = 5.0;
				TARGETED_DEVICE_FAMILY = "1,2";
				TEST_TARGET_NAME = iOSCaseStudyAPI;
			};
			name = Debug;
		};
		B62B16422CB07E60005E0BF8 /* Release */ = {
			isa = XCBuildConfiguration;
			buildSettings = {
				ALWAYS_EMBED_SWIFT_STANDARD_LIBRARIES = YES;
				CODE_SIGN_STYLE = Automatic;
				CURRENT_PROJECT_VERSION = 1;
				GENERATE_INFOPLIST_FILE = YES;
				MARKETING_VERSION = 1.0;
				PRODUCT_BUNDLE_IDENTIFIER = com.denizotlu.iOSCaseStudyAPIUITests;
				PRODUCT_NAME = "$(TARGET_NAME)";
				SWIFT_EMIT_LOC_STRINGS = NO;
				SWIFT_VERSION = 5.0;
				TARGETED_DEVICE_FAMILY = "1,2";
				TEST_TARGET_NAME = iOSCaseStudyAPI;
			};
			name = Release;
		};
/* End XCBuildConfiguration section */

/* Begin XCConfigurationList section */
		B62B160B2CB07E5D005E0BF8 /* Build configuration list for PBXProject "iOSCaseStudyAPI" */ = {
			isa = XCConfigurationList;
			buildConfigurations = (
				B62B16382CB07E60005E0BF8 /* Debug */,
				B62B16392CB07E60005E0BF8 /* Release */,
			);
			defaultConfigurationIsVisible = 0;
			defaultConfigurationName = Release;
		};
		B62B163A2CB07E60005E0BF8 /* Build configuration list for PBXNativeTarget "iOSCaseStudyAPI" */ = {
			isa = XCConfigurationList;
			buildConfigurations = (
				B62B163B2CB07E60005E0BF8 /* Debug */,
				B62B163C2CB07E60005E0BF8 /* Release */,
			);
			defaultConfigurationIsVisible = 0;
			defaultConfigurationName = Release;
		};
		B62B163D2CB07E60005E0BF8 /* Build configuration list for PBXNativeTarget "iOSCaseStudyAPITests" */ = {
			isa = XCConfigurationList;
			buildConfigurations = (
				B62B163E2CB07E60005E0BF8 /* Debug */,
				B62B163F2CB07E60005E0BF8 /* Release */,
			);
			defaultConfigurationIsVisible = 0;
			defaultConfigurationName = Release;
		};
		B62B16402CB07E60005E0BF8 /* Build configuration list for PBXNativeTarget "iOSCaseStudyAPIUITests" */ = {
			isa = XCConfigurationList;
			buildConfigurations = (
				B62B16412CB07E60005E0BF8 /* Debug */,
				B62B16422CB07E60005E0BF8 /* Release */,
			);
			defaultConfigurationIsVisible = 0;
			defaultConfigurationName = Release;
		};
/* End XCConfigurationList section */
	};
	rootObject = B62B16082CB07E5D005E0BF8 /* Project object */;
}
